
Microsoft Visual Studio Solution File, Format Version 12.00
# Visual Studio 15
VisualStudioVersion = 15.0.27130.2036
MinimumVisualStudioVersion = 10.0.40219.1
Project("{8BC9CEB8-8B4A-11D0-8D11-00A0C91BC942}") = "DirectWrite", "DirectWrite\DirectWrite.vcxproj", "{9275EAD8-98E8-4301-9448-6B9AD8332D6E}"
EndProject
Global
	GlobalSection(SolutionConfigurationPlatforms) = preSolution
		Debug|ARM = Debug|ARM
		Debug|x64 = Debug|x64
		Debug|x86 = Debug|x86
		Release|ARM = Release|ARM
		Release|x64 = Release|x64
		Release|x86 = Release|x86
	EndGlobalSection
	GlobalSection(ProjectConfigurationPlatforms) = postSolution
		{9275EAD8-98E8-4301-9448-6B9AD8332D6E}.Debug|ARM.ActiveCfg = Debug|ARM
		{9275EAD8-98E8-4301-9448-6B9AD8332D6E}.Debug|ARM.Build.0 = Debug|ARM
		{9275EAD8-98E8-4301-9448-6B9AD8332D6E}.Debug|ARM.Deploy.0 = Debug|ARM
		{9275EAD8-98E8-4301-9448-6B9AD8332D6E}.Debug|x64.ActiveCfg = Debug|x64
		{9275EAD8-98E8-4301-9448-6B9AD8332D6E}.Debug|x64.Build.0 = Debug|x64
		{9275EAD8-98E8-4301-9448-6B9AD8332D6E}.Debug|x64.Deploy.0 = Debug|x64
		{9275EAD8-98E8-4301-9448-6B9AD8332D6E}.Debug|x86.ActiveCfg = Debug|Win32
		{9275EAD8-98E8-4301-9448-6B9AD8332D6E}.Debug|x86.Build.0 = Debug|Win32
		{9275EAD8-98E8-4301-9448-6B9AD8332D6E}.Debug|x86.Deploy.0 = Debug|Win32
		{9275EAD8-98E8-4301-9448-6B9AD8332D6E}.Release|ARM.ActiveCfg = Release|ARM
		{9275EAD8-98E8-4301-9448-6B9AD8332D6E}.Release|ARM.Build.0 = Release|ARM
		{9275EAD8-98E8-4301-9448-6B9AD8332D6E}.Release|ARM.Deploy.0 = Release|ARM
		{9275EAD8-98E8-4301-9448-6B9AD8332D6E}.Release|x64.ActiveCfg = Release|x64
		{9275EAD8-98E8-4301-9448-6B9AD8332D6E}.Release|x64.Build.0 = Release|x64
		{9275EAD8-98E8-4301-9448-6B9AD8332D6E}.Release|x64.Deploy.0 = Release|x64
		{9275EAD8-98E8-4301-9448-6B9AD8332D6E}.Release|x86.ActiveCfg = Release|Win32
		{9275EAD8-98E8-4301-9448-6B9AD8332D6E}.Release|x86.Build.0 = Release|Win32
		{9275EAD8-98E8-4301-9448-6B9AD8332D6E}.Release|x86.Deploy.0 = Release|Win32
	EndGlobalSection
	GlobalSection(SolutionProperties) = preSolution
		HideSolutionNode = FALSE
	EndGlobalSection
	GlobalSection(ExtensibilityGlobals) = postSolution
		SolutionGuid = {83612795-C5BB-47D9-ADD3-EF871D2FCE45}
	EndGlobalSection
EndGlobal
